// !$*UTF8*$!
{
	archiveVersion = 1;
	classes = {
	};
	objectVersion = 50;
	objects = {

/* Begin PBXBuildFile section */
		1C6C813424F33CA800DCDB4A /* AppDelegate.swift in Sources */ = {isa = PBXBuildFile; fileRef = 1C6C813324F33CA800DCDB4A /* AppDelegate.swift */; };
		1C6C813624F33CA800DCDB4A /* SceneDelegate.swift in Sources */ = {isa = PBXBuildFile; fileRef = 1C6C813524F33CA800DCDB4A /* SceneDelegate.swift */; };
		1C6C813824F33CA800DCDB4A /* ViewController.swift in Sources */ = {isa = PBXBuildFile; fileRef = 1C6C813724F33CA800DCDB4A /* ViewController.swift */; };
		1C6C813B24F33CA800DCDB4A /* Main.storyboard in Resources */ = {isa = PBXBuildFile; fileRef = 1C6C813924F33CA800DCDB4A /* Main.storyboard */; };
		1C6C813D24F33CA900DCDB4A /* Assets.xcassets in Resources */ = {isa = PBXBuildFile; fileRef = 1C6C813C24F33CA900DCDB4A /* Assets.xcassets */; };
		1C6C814024F33CA900DCDB4A /* LaunchScreen.storyboard in Resources */ = {isa = PBXBuildFile; fileRef = 1C6C813E24F33CA900DCDB4A /* LaunchScreen.storyboard */; };
		1C6C814B24F33CAA00DCDB4A /* Navigation_Controller_ExerciseTests.swift in Sources */ = {isa = PBXBuildFile; fileRef = 1C6C814A24F33CAA00DCDB4A /* Navigation_Controller_ExerciseTests.swift */; };
		1C6C815624F33CAA00DCDB4A /* Navigation_Controller_ExerciseUITests.swift in Sources */ = {isa = PBXBuildFile; fileRef = 1C6C815524F33CAA00DCDB4A /* Navigation_Controller_ExerciseUITests.swift */; };
		1C6C816424F3410400DCDB4A /* Spider-Gwen.png in Resources */ = {isa = PBXBuildFile; fileRef = 1C6C816324F3410400DCDB4A /* Spider-Gwen.png */; };
/* End PBXBuildFile section */

/* Begin PBXContainerItemProxy section */
		1C6C814724F33CAA00DCDB4A /* PBXContainerItemProxy */ = {
			isa = PBXContainerItemProxy;
			containerPortal = 1C6C812824F33CA800DCDB4A /* Project object */;
			proxyType = 1;
			remoteGlobalIDString = 1C6C812F24F33CA800DCDB4A;
			remoteInfo = "Navigation Controller Exercise";
		};
		1C6C815224F33CAA00DCDB4A /* PBXContainerItemProxy */ = {
			isa = PBXContainerItemProxy;
			containerPortal = 1C6C812824F33CA800DCDB4A /* Project object */;
			proxyType = 1;
			remoteGlobalIDString = 1C6C812F24F33CA800DCDB4A;
			remoteInfo = "Navigation Controller Exercise";
		};
/* End PBXContainerItemProxy section */

/* Begin PBXFileReference section */
		1C6C813024F33CA800DCDB4A /* Navigation Controller Exercise.app */ = {isa = PBXFileReference; explicitFileType = wrapper.application; includeInIndex = 0; path = "Navigation Controller Exercise.app"; sourceTree = BUILT_PRODUCTS_DIR; };
		1C6C813324F33CA800DCDB4A /* AppDelegate.swift */ = {isa = PBXFileReference; lastKnownFileType = sourcecode.swift; path = AppDelegate.swift; sourceTree = "<group>"; };
		1C6C813524F33CA800DCDB4A /* SceneDelegate.swift */ = {isa = PBXFileReference; lastKnownFileType = sourcecode.swift; path = SceneDelegate.swift; sourceTree = "<group>"; };
		1C6C813724F33CA800DCDB4A /* ViewController.swift */ = {isa = PBXFileReference; lastKnownFileType = sourcecode.swift; path = ViewController.swift; sourceTree = "<group>"; };
		1C6C813A24F33CA800DCDB4A /* Base */ = {isa = PBXFileReference; lastKnownFileType = file.storyboard; name = Base; path = Base.lproj/Main.storyboard; sourceTree = "<group>"; };
		1C6C813C24F33CA900DCDB4A /* Assets.xcassets */ = {isa = PBXFileReference; lastKnownFileType = folder.assetcatalog; path = Assets.xcassets; sourceTree = "<group>"; };
		1C6C813F24F33CA900DCDB4A /* Base */ = {isa = PBXFileReference; lastKnownFileType = file.storyboard; name = Base; path = Base.lproj/LaunchScreen.storyboard; sourceTree = "<group>"; };
		1C6C814124F33CA900DCDB4A /* Info.plist */ = {isa = PBXFileReference; lastKnownFileType = text.plist.xml; path = Info.plist; sourceTree = "<group>"; };
		1C6C814624F33CAA00DCDB4A /* Navigation Controller ExerciseTests.xctest */ = {isa = PBXFileReference; explicitFileType = wrapper.cfbundle; includeInIndex = 0; path = "Navigation Controller ExerciseTests.xctest"; sourceTree = BUILT_PRODUCTS_DIR; };
		1C6C814A24F33CAA00DCDB4A /* Navigation_Controller_ExerciseTests.swift */ = {isa = PBXFileReference; lastKnownFileType = sourcecode.swift; path = Navigation_Controller_ExerciseTests.swift; sourceTree = "<group>"; };
		1C6C814C24F33CAA00DCDB4A /* Info.plist */ = {isa = PBXFileReference; lastKnownFileType = text.plist.xml; path = Info.plist; sourceTree = "<group>"; };
		1C6C815124F33CAA00DCDB4A /* Navigation Controller ExerciseUITests.xctest */ = {isa = PBXFileReference; explicitFileType = wrapper.cfbundle; includeInIndex = 0; path = "Navigation Controller ExerciseUITests.xctest"; sourceTree = BUILT_PRODUCTS_DIR; };
		1C6C815524F33CAA00DCDB4A /* Navigation_Controller_ExerciseUITests.swift */ = {isa = PBXFileReference; lastKnownFileType = sourcecode.swift; path = Navigation_Controller_ExerciseUITests.swift; sourceTree = "<group>"; };
		1C6C815724F33CAA00DCDB4A /* Info.plist */ = {isa = PBXFileReference; lastKnownFileType = text.plist.xml; path = Info.plist; sourceTree = "<group>"; };
		1C6C816324F3410400DCDB4A /* Spider-Gwen.png */ = {isa = PBXFileReference; lastKnownFileType = image.png; name = "Spider-Gwen.png"; path = "../../Spider-Gwen.png"; sourceTree = "<group>"; };
/* End PBXFileReference section */

/* Begin PBXFrameworksBuildPhase section */
		1C6C812D24F33CA800DCDB4A /* Frameworks */ = {
			isa = PBXFrameworksBuildPhase;
			buildActionMask = 2147483647;
			files = (
			);
			runOnlyForDeploymentPostprocessing = 0;
		};
		1C6C814324F33CAA00DCDB4A /* Frameworks */ = {
			isa = PBXFrameworksBuildPhase;
			buildActionMask = 2147483647;
			files = (
			);
			runOnlyForDeploymentPostprocessing = 0;
		};
		1C6C814E24F33CAA00DCDB4A /* Frameworks */ = {
			isa = PBXFrameworksBuildPhase;
			buildActionMask = 2147483647;
			files = (
			);
			runOnlyForDeploymentPostprocessing = 0;
		};
/* End PBXFrameworksBuildPhase section */

/* Begin PBXGroup section */
		1C6C812724F33CA800DCDB4A = {
			isa = PBXGroup;
			children = (
				1C6C813224F33CA800DCDB4A /* Navigation Controller Exercise */,
				1C6C814924F33CAA00DCDB4A /* Navigation Controller ExerciseTests */,
				1C6C815424F33CAA00DCDB4A /* Navigation Controller ExerciseUITests */,
				1C6C813124F33CA800DCDB4A /* Products */,
				1C6C816324F3410400DCDB4A /* Spider-Gwen.png */,
			);
			sourceTree = "<group>";
		};
		1C6C813124F33CA800DCDB4A /* Products */ = {
			isa = PBXGroup;
			children = (
				1C6C813024F33CA800DCDB4A /* Navigation Controller Exercise.app */,
				1C6C814624F33CAA00DCDB4A /* Navigation Controller ExerciseTests.xctest */,
				1C6C815124F33CAA00DCDB4A /* Navigation Controller ExerciseUITests.xctest */,
			);
			name = Products;
			sourceTree = "<group>";
		};
		1C6C813224F33CA800DCDB4A /* Navigation Controller Exercise */ = {
			isa = PBXGroup;
			children = (
				1C6C813324F33CA800DCDB4A /* AppDelegate.swift */,
				1C6C813524F33CA800DCDB4A /* SceneDelegate.swift */,
				1C6C813724F33CA800DCDB4A /* ViewController.swift */,
				1C6C813924F33CA800DCDB4A /* Main.storyboard */,
				1C6C813C24F33CA900DCDB4A /* Assets.xcassets */,
				1C6C813E24F33CA900DCDB4A /* LaunchScreen.storyboard */,
				1C6C814124F33CA900DCDB4A /* Info.plist */,
			);
			path = "Navigation Controller Exercise";
			sourceTree = "<group>";
		};
		1C6C814924F33CAA00DCDB4A /* Navigation Controller ExerciseTests */ = {
			isa = PBXGroup;
			children = (
				1C6C814A24F33CAA00DCDB4A /* Navigation_Controller_ExerciseTests.swift */,
				1C6C814C24F33CAA00DCDB4A /* Info.plist */,
			);
			path = "Navigation Controller ExerciseTests";
			sourceTree = "<group>";
		};
		1C6C815424F33CAA00DCDB4A /* Navigation Controller ExerciseUITests */ = {
			isa = PBXGroup;
			children = (
				1C6C815524F33CAA00DCDB4A /* Navigation_Controller_ExerciseUITests.swift */,
				1C6C815724F33CAA00DCDB4A /* Info.plist */,
			);
			path = "Navigation Controller ExerciseUITests";
			sourceTree = "<group>";
		};
/* End PBXGroup section */

/* Begin PBXNativeTarget section */
		1C6C812F24F33CA800DCDB4A /* Navigation Controller Exercise */ = {
			isa = PBXNativeTarget;
			buildConfigurationList = 1C6C815A24F33CAA00DCDB4A /* Build configuration list for PBXNativeTarget "Navigation Controller Exercise" */;
			buildPhases = (
				1C6C812C24F33CA800DCDB4A /* Sources */,
				1C6C812D24F33CA800DCDB4A /* Frameworks */,
				1C6C812E24F33CA800DCDB4A /* Resources */,
			);
			buildRules = (
			);
			dependencies = (
			);
			name = "Navigation Controller Exercise";
			productName = "Navigation Controller Exercise";
			productReference = 1C6C813024F33CA800DCDB4A /* Navigation Controller Exercise.app */;
			productType = "com.apple.product-type.application";
		};
		1C6C814524F33CAA00DCDB4A /* Navigation Controller ExerciseTests */ = {
			isa = PBXNativeTarget;
			buildConfigurationList = 1C6C815D24F33CAA00DCDB4A /* Build configuration list for PBXNativeTarget "Navigation Controller ExerciseTests" */;
			buildPhases = (
				1C6C814224F33CAA00DCDB4A /* Sources */,
				1C6C814324F33CAA00DCDB4A /* Frameworks */,
				1C6C814424F33CAA00DCDB4A /* Resources */,
			);
			buildRules = (
			);
			dependencies = (
				1C6C814824F33CAA00DCDB4A /* PBXTargetDependency */,
			);
			name = "Navigation Controller ExerciseTests";
			productName = "Navigation Controller ExerciseTests";
			productReference = 1C6C814624F33CAA00DCDB4A /* Navigation Controller ExerciseTests.xctest */;
			productType = "com.apple.product-type.bundle.unit-test";
		};
		1C6C815024F33CAA00DCDB4A /* Navigation Controller ExerciseUITests */ = {
			isa = PBXNativeTarget;
			buildConfigurationList = 1C6C816024F33CAA00DCDB4A /* Build configuration list for PBXNativeTarget "Navigation Controller ExerciseUITests" */;
			buildPhases = (
				1C6C814D24F33CAA00DCDB4A /* Sources */,
				1C6C814E24F33CAA00DCDB4A /* Frameworks */,
				1C6C814F24F33CAA00DCDB4A /* Resources */,
			);
			buildRules = (
			);
			dependencies = (
				1C6C815324F33CAA00DCDB4A /* PBXTargetDependency */,
			);
			name = "Navigation Controller ExerciseUITests";
			productName = "Navigation Controller ExerciseUITests";
			productReference = 1C6C815124F33CAA00DCDB4A /* Navigation Controller ExerciseUITests.xctest */;
			productType = "com.apple.product-type.bundle.ui-testing";
		};
/* End PBXNativeTarget section */

/* Begin PBXProject section */
		1C6C812824F33CA800DCDB4A /* Project object */ = {
			isa = PBXProject;
			attributes = {
				LastSwiftUpdateCheck = 1130;
				LastUpgradeCheck = 1130;
				ORGANIZATIONNAME = "Fe del carmen Porras";
				TargetAttributes = {
					1C6C812F24F33CA800DCDB4A = {
						CreatedOnToolsVersion = 11.3.1;
					};
					1C6C814524F33CAA00DCDB4A = {
						CreatedOnToolsVersion = 11.3.1;
						TestTargetID = 1C6C812F24F33CA800DCDB4A;
					};
					1C6C815024F33CAA00DCDB4A = {
						CreatedOnToolsVersion = 11.3.1;
						TestTargetID = 1C6C812F24F33CA800DCDB4A;
					};
				};
			};
			buildConfigurationList = 1C6C812B24F33CA800DCDB4A /* Build configuration list for PBXProject "Navigation Controller Exercise" */;
			compatibilityVersion = "Xcode 9.3";
			developmentRegion = en;
			hasScannedForEncodings = 0;
			knownRegions = (
				en,
				Base,
			);
			mainGroup = 1C6C812724F33CA800DCDB4A;
			productRefGroup = 1C6C813124F33CA800DCDB4A /* Products */;
			projectDirPath = "";
			projectRoot = "";
			targets = (
				1C6C812F24F33CA800DCDB4A /* Navigation Controller Exercise */,
				1C6C814524F33CAA00DCDB4A /* Navigation Controller ExerciseTests */,
				1C6C815024F33CAA00DCDB4A /* Navigation Controller ExerciseUITests */,
			);
		};
/* End PBXProject section */

/* Begin PBXResourcesBuildPhase section */
		1C6C812E24F33CA800DCDB4A /* Resources */ = {
			isa = PBXResourcesBuildPhase;
			buildActionMask = 2147483647;
			files = (
				1C6C814024F33CA900DCDB4A /* LaunchScreen.storyboard in Resources */,
				1C6C813D24F33CA900DCDB4A /* Assets.xcassets in Resources */,
				1C6C813B24F33CA800DCDB4A /* Main.storyboard in Resources */,
				1C6C816424F3410400DCDB4A /* Spider-Gwen.png in Resources */,
			);
			runOnlyForDeploymentPostprocessing = 0;
		};
		1C6C814424F33CAA00DCDB4A /* Resources */ = {
			isa = PBXResourcesBuildPhase;
			buildActionMask = 2147483647;
			files = (
			);
			runOnlyForDeploymentPostprocessing = 0;
		};
		1C6C814F24F33CAA00DCDB4A /* Resources */ = {
			isa = PBXResourcesBuildPhase;
			buildActionMask = 2147483647;
			files = (
			);
			runOnlyForDeploymentPostprocessing = 0;
		};
/* End PBXResourcesBuildPhase section */

/* Begin PBXSourcesBuildPhase section */
		1C6C812C24F33CA800DCDB4A /* Sources */ = {
			isa = PBXSourcesBuildPhase;
			buildActionMask = 2147483647;
			files = (
				1C6C813824F33CA800DCDB4A /* ViewController.swift in Sources */,
				1C6C813424F33CA800DCDB4A /* AppDelegate.swift in Sources */,
				1C6C813624F33CA800DCDB4A /* SceneDelegate.swift in Sources */,
			);
			runOnlyForDeploymentPostprocessing = 0;
		};
		1C6C814224F33CAA00DCDB4A /* Sources */ = {
			isa = PBXSourcesBuildPhase;
			buildActionMask = 2147483647;
			files = (
				1C6C814B24F33CAA00DCDB4A /* Navigation_Controller_ExerciseTests.swift in Sources */,
			);
			runOnlyForDeploymentPostprocessing = 0;
		};
		1C6C814D24F33CAA00DCDB4A /* Sources */ = {
			isa = PBXSourcesBuildPhase;
			buildActionMask = 2147483647;
			files = (
				1C6C815624F33CAA00DCDB4A /* Navigation_Controller_ExerciseUITests.swift in Sources */,
			);
			runOnlyForDeploymentPostprocessing = 0;
		};
/* End PBXSourcesBuildPhase section */

/* Begin PBXTargetDependency section */
		1C6C814824F33CAA00DCDB4A /* PBXTargetDependency */ = {
			isa = PBXTargetDependency;
			target = 1C6C812F24F33CA800DCDB4A /* Navigation Controller Exercise */;
			targetProxy = 1C6C814724F33CAA00DCDB4A /* PBXContainerItemProxy */;
		};
		1C6C815324F33CAA00DCDB4A /* PBXTargetDependency */ = {
			isa = PBXTargetDependency;
			target = 1C6C812F24F33CA800DCDB4A /* Navigation Controller Exercise */;
			targetProxy = 1C6C815224F33CAA00DCDB4A /* PBXContainerItemProxy */;
		};
/* End PBXTargetDependency section */

/* Begin PBXVariantGroup section */
		1C6C813924F33CA800DCDB4A /* Main.storyboard */ = {
			isa = PBXVariantGroup;
			children = (
				1C6C813A24F33CA800DCDB4A /* Base */,
			);
			name = Main.storyboard;
			sourceTree = "<group>";
		};
		1C6C813E24F33CA900DCDB4A /* LaunchScreen.storyboard */ = {
			isa = PBXVariantGroup;
			children = (
				1C6C813F24F33CA900DCDB4A /* Base */,
			);
			name = LaunchScreen.storyboard;
			sourceTree = "<group>";
		};
/* End PBXVariantGroup section */

/* Begin XCBuildConfiguration section */
		1C6C815824F33CAA00DCDB4A /* Debug */ = {
			isa = XCBuildConfiguration;
			buildSettings = {
				ALWAYS_SEARCH_USER_PATHS = NO;
				CLANG_ANALYZER_NONNULL = YES;
				CLANG_ANALYZER_NUMBER_OBJECT_CONVERSION = YES_AGGRESSIVE;
				CLANG_CXX_LANGUAGE_STANDARD = "gnu++14";
				CLANG_CXX_LIBRARY = "libc++";
				CLANG_ENABLE_MODULES = YES;
				CLANG_ENABLE_OBJC_ARC = YES;
				CLANG_ENABLE_OBJC_WEAK = YES;
				CLANG_WARN_BLOCK_CAPTURE_AUTORELEASING = YES;
				CLANG_WARN_BOOL_CONVERSION = YES;
				CLANG_WARN_COMMA = YES;
				CLANG_WARN_CONSTANT_CONVERSION = YES;
				CLANG_WARN_DEPRECATED_OBJC_IMPLEMENTATIONS = YES;
				CLANG_WARN_DIRECT_OBJC_ISA_USAGE = YES_ERROR;
				CLANG_WARN_DOCUMENTATION_COMMENTS = YES;
				CLANG_WARN_EMPTY_BODY = YES;
				CLANG_WARN_ENUM_CONVERSION = YES;
				CLANG_WARN_INFINITE_RECURSION = YES;
				CLANG_WARN_INT_CONVERSION = YES;
				CLANG_WARN_NON_LITERAL_NULL_CONVERSION = YES;
				CLANG_WARN_OBJC_IMPLICIT_RETAIN_SELF = YES;
				CLANG_WARN_OBJC_LITERAL_CONVERSION = YES;
				CLANG_WARN_OBJC_ROOT_CLASS = YES_ERROR;
				CLANG_WARN_RANGE_LOOP_ANALYSIS = YES;
				CLANG_WARN_STRICT_PROTOTYPES = YES;
				CLANG_WARN_SUSPICIOUS_MOVE = YES;
				CLANG_WARN_UNGUARDED_AVAILABILITY = YES_AGGRESSIVE;
				CLANG_WARN_UNREACHABLE_CODE = YES;
				CLANG_WARN__DUPLICATE_METHOD_MATCH = YES;
				COPY_PHASE_STRIP = NO;
				DEBUG_INFORMATION_FORMAT = dwarf;
				ENABLE_STRICT_OBJC_MSGSEND = YES;
				ENABLE_TESTABILITY = YES;
				GCC_C_LANGUAGE_STANDARD = gnu11;
				GCC_DYNAMIC_NO_PIC = NO;
				GCC_NO_COMMON_BLOCKS = YES;
				GCC_OPTIMIZATION_LEVEL = 0;
				GCC_PREPROCESSOR_DEFINITIONS = (
					"DEBUG=1",
					"$(inherited)",
				);
				GCC_WARN_64_TO_32_BIT_CONVERSION = YES;
				GCC_WARN_ABOUT_RETURN_TYPE = YES_ERROR;
				GCC_WARN_UNDECLARED_SELECTOR = YES;
				GCC_WARN_UNINITIALIZED_AUTOS = YES_AGGRESSIVE;
				GCC_WARN_UNUSED_FUNCTION = YES;
				GCC_WARN_UNUSED_VARIABLE = YES;
				IPHONEOS_DEPLOYMENT_TARGET = 13.2;
				MTL_ENABLE_DEBUG_INFO = INCLUDE_SOURCE;
				MTL_FAST_MATH = YES;
				ONLY_ACTIVE_ARCH = YES;
				SDKROOT = iphoneos;
				SWIFT_ACTIVE_COMPILATION_CONDITIONS = DEBUG;
				SWIFT_OPTIMIZATION_LEVEL = "-Onone";
			};
			name = Debug;
		};
		1C6C815924F33CAA00DCDB4A /* Release */ = {
			isa = XCBuildConfiguration;
			buildSettings = {
				ALWAYS_SEARCH_USER_PATHS = NO;
				CLANG_ANALYZER_NONNULL = YES;
				CLANG_ANALYZER_NUMBER_OBJECT_CONVERSION = YES_AGGRESSIVE;
				CLANG_CXX_LANGUAGE_STANDARD = "gnu++14";
				CLANG_CXX_LIBRARY = "libc++";
				CLANG_ENABLE_MODULES = YES;
				CLANG_ENABLE_OBJC_ARC = YES;
				CLANG_ENABLE_OBJC_WEAK = YES;
				CLANG_WARN_BLOCK_CAPTURE_AUTORELEASING = YES;
				CLANG_WARN_BOOL_CONVERSION = YES;
				CLANG_WARN_COMMA = YES;
				CLANG_WARN_CONSTANT_CONVERSION = YES;
				CLANG_WARN_DEPRECATED_OBJC_IMPLEMENTATIONS = YES;
				CLANG_WARN_DIRECT_OBJC_ISA_USAGE = YES_ERROR;
				CLANG_WARN_DOCUMENTATION_COMMENTS = YES;
				CLANG_WARN_EMPTY_BODY = YES;
				CLANG_WARN_ENUM_CONVERSION = YES;
				CLANG_WARN_INFINITE_RECURSION = YES;
				CLANG_WARN_INT_CONVERSION = YES;
				CLANG_WARN_NON_LITERAL_NULL_CONVERSION = YES;
				CLANG_WARN_OBJC_IMPLICIT_RETAIN_SELF = YES;
				CLANG_WARN_OBJC_LITERAL_CONVERSION = YES;
				CLANG_WARN_OBJC_ROOT_CLASS = YES_ERROR;
				CLANG_WARN_RANGE_LOOP_ANALYSIS = YES;
				CLANG_WARN_STRICT_PROTOTYPES = YES;
				CLANG_WARN_SUSPICIOUS_MOVE = YES;
				CLANG_WARN_UNGUARDED_AVAILABILITY = YES_AGGRESSIVE;
				CLANG_WARN_UNREACHABLE_CODE = YES;
				CLANG_WARN__DUPLICATE_METHOD_MATCH = YES;
				COPY_PHASE_STRIP = NO;
				DEBUG_INFORMATION_FORMAT = "dwarf-with-dsym";
				ENABLE_NS_ASSERTIONS = NO;
				ENABLE_STRICT_OBJC_MSGSEND = YES;
				GCC_C_LANGUAGE_STANDARD = gnu11;
				GCC_NO_COMMON_BLOCKS = YES;
				GCC_WARN_64_TO_32_BIT_CONVERSION = YES;
				GCC_WARN_ABOUT_RETURN_TYPE = YES_ERROR;
				GCC_WARN_UNDECLARED_SELECTOR = YES;
				GCC_WARN_UNINITIALIZED_AUTOS = YES_AGGRESSIVE;
				GCC_WARN_UNUSED_FUNCTION = YES;
				GCC_WARN_UNUSED_VARIABLE = YES;
				IPHONEOS_DEPLOYMENT_TARGET = 13.2;
				MTL_ENABLE_DEBUG_INFO = NO;
				MTL_FAST_MATH = YES;
				SDKROOT = iphoneos;
				SWIFT_COMPILATION_MODE = wholemodule;
				SWIFT_OPTIMIZATION_LEVEL = "-O";
				VALIDATE_PRODUCT = YES;
			};
			name = Release;
		};
		1C6C815B24F33CAA00DCDB4A /* Debug */ = {
			isa = XCBuildConfiguration;
			buildSettings = {
				ASSETCATALOG_COMPILER_APPICON_NAME = AppIcon;
				CODE_SIGN_STYLE = Automatic;
				INFOPLIST_FILE = "Navigation Controller Exercise/Info.plist";
				LD_RUNPATH_SEARCH_PATHS = (
					"$(inherited)",
					"@executable_path/Frameworks",
				);
				PRODUCT_BUNDLE_IDENTIFIER = "my-phone.Navigation-Controller-Exercise";
				PRODUCT_NAME = "$(TARGET_NAME)";
				SWIFT_VERSION = 5.0;
				TARGETED_DEVICE_FAMILY = "1,2";
			};
			name = Debug;
		};
		1C6C815C24F33CAA00DCDB4A /* Release */ = {
			isa = XCBuildConfiguration;
			buildSettings = {
				ASSETCATALOG_COMPILER_APPICON_NAME = AppIcon;
				CODE_SIGN_STYLE = Automatic;
				INFOPLIST_FILE = "Navigation Controller Exercise/Info.plist";
				LD_RUNPATH_SEARCH_PATHS = (
					"$(inherited)",
					"@executable_path/Frameworks",
				);
				PRODUCT_BUNDLE_IDENTIFIER = "my-phone.Navigation-Controller-Exercise";
				PRODUCT_NAME = "$(TARGET_NAME)";
				SWIFT_VERSION = 5.0;
				TARGETED_DEVICE_FAMILY = "1,2";
			};
			name = Release;
		};
		1C6C815E24F33CAA00DCDB4A /* Debug */ = {
			isa = XCBuildConfiguration;
			buildSettings = {
				ALWAYS_EMBED_SWIFT_STANDARD_LIBRARIES = YES;
				BUNDLE_LOADER = "$(TEST_HOST)";
				CODE_SIGN_STYLE = Automatic;
				INFOPLIST_FILE = "Navigation Controller ExerciseTests/Info.plist";
				IPHONEOS_DEPLOYMENT_TARGET = 13.2;
				LD_RUNPATH_SEARCH_PATHS = (
					"$(inherited)",
					"@executable_path/Frameworks",
					"@loader_path/Frameworks",
				);
				PRODUCT_BUNDLE_IDENTIFIER = "my-phone.Navigation-Controller-ExerciseTests";
				PRODUCT_NAME = "$(TARGET_NAME)";
				SWIFT_VERSION = 5.0;
				TARGETED_DEVICE_FAMILY = "1,2";
				TEST_HOST = "$(BUILT_PRODUCTS_DIR)/Navigation Controller Exercise.app/Navigation Controller Exercise";
			};
			name = Debug;
		};
		1C6C815F24F33CAA00DCDB4A /* Release */ = {
			isa = XCBuildConfiguration;
			buildSettings = {
				ALWAYS_EMBED_SWIFT_STANDARD_LIBRARIES = YES;
				BUNDLE_LOADER = "$(TEST_HOST)";
				CODE_SIGN_STYLE = Automatic;
				INFOPLIST_FILE = "Navigation Controller ExerciseTests/Info.plist";
				IPHONEOS_DEPLOYMENT_TARGET = 13.2;
				LD_RUNPATH_SEARCH_PATHS = (
					"$(inherited)",
					"@executable_path/Frameworks",
					"@loader_path/Frameworks",
				);
				PRODUCT_BUNDLE_IDENTIFIER = "my-phone.Navigation-Controller-ExerciseTests";
				PRODUCT_NAME = "$(TARGET_NAME)";
				SWIFT_VERSION = 5.0;
				TARGETED_DEVICE_FAMILY = "1,2";
				TEST_HOST = "$(BUILT_PRODUCTS_DIR)/Navigation Controller Exercise.app/Navigation Controller Exercise";
			};
			name = Release;
		};
		1C6C816124F33CAA00DCDB4A /* Debug */ = {
			isa = XCBuildConfiguration;
			buildSettings = {
				ALWAYS_EMBED_SWIFT_STANDARD_LIBRARIES = YES;
				CODE_SIGN_STYLE = Automatic;
				INFOPLIST_FILE = "Navigation Controller ExerciseUITests/Info.plist";
				LD_RUNPATH_SEARCH_PATHS = (
					"$(inherited)",
					"@executable_path/Frameworks",
					"@loader_path/Frameworks",
				);
				PRODUCT_BUNDLE_IDENTIFIER = "my-phone.Navigation-Controller-ExerciseUITests";
				PRODUCT_NAME = "$(TARGET_NAME)";
				SWIFT_VERSION = 5.0;
				TARGETED_DEVICE_FAMILY = "1,2";
				TEST_TARGET_NAME = "Navigation Controller Exercise";
			};
			name = Debug;
		};
		1C6C816224F33CAA00DCDB4A /* Release */ = {
			isa = XCBuildConfiguration;
			buildSettings = {
				ALWAYS_EMBED_SWIFT_STANDARD_LIBRARIES = YES;
				CODE_SIGN_STYLE = Automatic;
				INFOPLIST_FILE = "Navigation Controller ExerciseUITests/Info.plist";
				LD_RUNPATH_SEARCH_PATHS = (
					"$(inherited)",
					"@executable_path/Frameworks",
					"@loader_path/Frameworks",
				);
				PRODUCT_BUNDLE_IDENTIFIER = "my-phone.Navigation-Controller-ExerciseUITests";
				PRODUCT_NAME = "$(TARGET_NAME)";
				SWIFT_VERSION = 5.0;
				TARGETED_DEVICE_FAMILY = "1,2";
				TEST_TARGET_NAME = "Navigation Controller Exercise";
			};
			name = Release;
		};
/* End XCBuildConfiguration section */

/* Begin XCConfigurationList section */
		1C6C812B24F33CA800DCDB4A /* Build configuration list for PBXProject "Navigation Controller Exercise" */ = {
			isa = XCConfigurationList;
			buildConfigurations = (
				1C6C815824F33CAA00DCDB4A /* Debug */,
				1C6C815924F33CAA00DCDB4A /* Release */,
			);
			defaultConfigurationIsVisible = 0;
			defaultConfigurationName = Release;
		};
		1C6C815A24F33CAA00DCDB4A /* Build configuration list for PBXNativeTarget "Navigation Controller Exercise" */ = {
			isa = XCConfigurationList;
			buildConfigurations = (
				1C6C815B24F33CAA00DCDB4A /* Debug */,
				1C6C815C24F33CAA00DCDB4A /* Release */,
			);
			defaultConfigurationIsVisible = 0;
			defaultConfigurationName = Release;
		};
		1C6C815D24F33CAA00DCDB4A /* Build configuration list for PBXNativeTarget "Navigation Controller ExerciseTests" */ = {
			isa = XCConfigurationList;
			buildConfigurations = (
				1C6C815E24F33CAA00DCDB4A /* Debug */,
				1C6C815F24F33CAA00DCDB4A /* Release */,
			);
			defaultConfigurationIsVisible = 0;
			defaultConfigurationName = Release;
		};
		1C6C816024F33CAA00DCDB4A /* Build configuration list for PBXNativeTarget "Navigation Controller ExerciseUITests" */ = {
			isa = XCConfigurationList;
			buildConfigurations = (
				1C6C816124F33CAA00DCDB4A /* Debug */,
				1C6C816224F33CAA00DCDB4A /* Release */,
			);
			defaultConfigurationIsVisible = 0;
			defaultConfigurationName = Release;
		};
/* End XCConfigurationList section */
	};
	rootObject = 1C6C812824F33CA800DCDB4A /* Project object */;
}
